
Microsoft Visual Studio Solution File, Format Version 12.00
# Visual Studio Version 16
VisualStudioVersion = 16.0.31624.102
MinimumVisualStudioVersion = 10.0.40219.1
Project("{FAE04EC0-301F-11D3-BF4B-00C04F79EFBC}") = "lesson2practical", "lesson2practical\lesson2practical.csproj", "{325FB39D-C376-468F-865A-13AE146F264A}"
EndProject
Global
	GlobalSection(SolutionConfigurationPlatforms) = preSolution
		Debug|Any CPU = Debug|Any CPU
		Release|Any CPU = Release|Any CPU
	EndGlobalSection
	GlobalSection(ProjectConfigurationPlatforms) = postSolution
		{325FB39D-C376-468F-865A-13AE146F264A}.Debug|Any CPU.ActiveCfg = Debug|Any CPU
		{325FB39D-C376-468F-865A-13AE146F264A}.Debug|Any CPU.Build.0 = Debug|Any CPU
		{325FB39D-C376-468F-865A-13AE146F264A}.Release|Any CPU.ActiveCfg = Release|Any CPU
		{325FB39D-C376-468F-865A-13AE146F264A}.Release|Any CPU.Build.0 = Release|Any CPU
	EndGlobalSection
	GlobalSection(SolutionProperties) = preSolution
		HideSolutionNode = FALSE
	EndGlobalSection
	GlobalSection(ExtensibilityGlobals) = postSolution
		SolutionGuid = {83F33E32-463E-4B4A-976D-3189D8073699}
	EndGlobalSection
EndGlobal
